<?xml version="1.0" encoding="utf-8"?>
<Project ToolsVersion="4.0" xmlns="http://schemas.microsoft.com/developer/msbuild/2003">
  <ItemGroup>
    <Filter Include="Source Files">
      <UniqueIdentifier>{4FC737F1-C7A5-4376-A066-2A32D752A2FF}</UniqueIdentifier>
      <Extensions>cpp;c;cc;cxx;c++;cppm;ixx;def;odl;idl;hpj;bat;asm;asmx</Extensions>
    </Filter>
    <Filter Include="Header Files">
      <UniqueIdentifier>{93995380-89BD-4b04-88EB-625FBE52EBFB}</UniqueIdentifier>
      <Extensions>h;hh;hpp;hxx;h++;hm;inl;inc;ipp;xsd</Extensions>
    </Filter>
    <Filter Include="Resource Files">
      <UniqueIdentifier>{67DA6AB6-F800-4c08-8B7A-83BB121AAD01}</UniqueIdentifier>
      <Extensions>rc;ico;cur;bmp;dlg;rc2;rct;bin;rgs;gif;jpg;jpeg;jpe;resx;tiff;tif;png;wav;mfcribbon-ms</Extensions>
    </Filter>
    <Filter Include="Header Files\Renderer">
      <UniqueIdentifier>{09c2627e-0917-4156-b344-3d56257e3f86}</UniqueIdentifier>
    </Filter>
    <Filter Include="Header Files\Renderer\Resources">
      <UniqueIdentifier>{a1a03578-a335-480d-b1c3-dae8b5ef6241}</UniqueIdentifier>
    </Filter>
    <Filter Include="Source Files\Renderer">
      <UniqueIdentifier>{037326ff-d87e-4ede-855e-5deb929a9a86}</UniqueIdentifier>
    </Filter>
    <Filter Include="Source Files\Renderer\Resources">
      <UniqueIdentifier>{3c7a91ac-0806-443b-9b89-6c54e7a2bb9f}</UniqueIdentifier>
    </Filter>
    <Filter Include="Header Files\Utils">
      <UniqueIdentifier>{b9fd44f3-3a13-4f8b-b110-7c18499b4feb}</UniqueIdentifier>
    </Filter>
    <Filter Include="Header Files\Utils\logger">
      <UniqueIdentifier>{1f633db6-ca97-421b-9ddf-bbd7d576bfa8}</UniqueIdentifier>
    </Filter>
    <Filter Include="Source Files\Utils">
      <UniqueIdentifier>{a151c29b-218d-48a1-85a6-83d6089392e5}</UniqueIdentifier>
    </Filter>
    <Filter Include="Source Files\Utils\ConsoleLogger">
      <UniqueIdentifier>{dfd4909c-501c-4ced-9ed9-e8b2be5fc670}</UniqueIdentifier>
    </Filter>
    <Filter Include="Source Files\Glad">
      <UniqueIdentifier>{863822f2-d322-4d6d-9de4-dba1eab4b80a}</UniqueIdentifier>
    </Filter>
    <Filter Include="Header Files\Renderer\Managers">
      <UniqueIdentifier>{5b643817-2e27-4ab0-a2d6-4156327494b2}</UniqueIdentifier>
    </Filter>
    <Filter Include="Source Files\Renderer\Managers">
      <UniqueIdentifier>{e1030e9b-5112-4d6f-93fe-15b4a46ce8a5}</UniqueIdentifier>
    </Filter>
  </ItemGroup>
  <ItemGroup>
    <ClCompile Include="src\utils\logging\ConsoleLogger.cpp">
      <Filter>Source Files\Utils\ConsoleLogger</Filter>
    </ClCompile>
    <ClCompile Include="src\glad\glad.c">
      <Filter>Source Files\Glad</Filter>
    </ClCompile>
    <ClCompile Include="src\opengl\gfx\renderer_api\OpenGLContext.cpp">
      <Filter>Source Files</Filter>
    </ClCompile>
    <ClCompile Include="src\opengl\window\OpenGLWindow.cpp">
      <Filter>Source Files</Filter>
    </ClCompile>
    <ClCompile Include="src\core\user_interface\LayerStack.cpp">
      <Filter>Source Files</Filter>
    </ClCompile>
    <ClCompile Include="src\opengl\gfx\mesh_api\OpenGLBuffer.cpp">
      <Filter>Source Files</Filter>
    </ClCompile>
    <ClCompile Include="src\opengl\gfx\shaders_api\OpenGLVertexShader.cpp">
      <Filter>Source Files</Filter>
    </ClCompile>
    <ClCompile Include="src\opengl\gfx\shaders_api\OpenGLFragmentShader.cpp">
      <Filter>Source Files</Filter>
    </ClCompile>
    <ClCompile Include="src\opengl\gfx\shaders_api\OpenGLGeometryShader.cpp">
      <Filter>Source Files</Filter>
    </ClCompile>
    <ClCompile Include="src\opengl\gfx\shaders_api\OpenGLShaderPipeline.cpp">
      <Filter>Source Files</Filter>
    </ClCompile>
    <ClCompile Include="src\core\gfx\mesh_api\Buffer.cpp">
      <Filter>Source Files</Filter>
    </ClCompile>
    <ClCompile Include="src\core\gfx\renderer_api\RenderContext.cpp">
      <Filter>Source Files</Filter>
    </ClCompile>
    <ClCompile Include="src\core\events\EventHandler.cpp">
      <Filter>Source Files</Filter>
    </ClCompile>
    <ClCompile Include="src\opengl\input\OpenGLKeyboardMapper.cpp">
      <Filter>Source Files</Filter>
    </ClCompile>
    <ClCompile Include="src\opengl\input\OpenGLMouseCodeMapper.cpp">
      <Filter>Source Files</Filter>
    </ClCompile>
    <ClCompile Include="src\core\gfx\mesh_api\VertexArray.cpp">
      <Filter>Source Files</Filter>
    </ClCompile>
    <ClCompile Include="src\opengl\gfx\mesh_api\OpenGLVertexArray.cpp">
      <Filter>Source Files</Filter>
    </ClCompile>
    <ClCompile Include="src\opengl\gfx\renderer_api\OpenGLRenderer.cpp">
      <Filter>Source Files</Filter>
    </ClCompile>
    <ClCompile Include="src\core\gfx\renderer_api\Renderer.cpp">
      <Filter>Source Files</Filter>
    </ClCompile>
    <ClCompile Include="src\core\math\Math.cpp">
      <Filter>Source Files</Filter>
    </ClCompile>
    <ClCompile Include="src\core\gfx\camera_api\Camera.cpp">
      <Filter>Source Files</Filter>
    </ClCompile>
    <ClCompile Include="src\opengl\gfx\renderer_api\render_commands\OpenGLDrawIndexed.cpp">
      <Filter>Source Files</Filter>
    </ClCompile>
    <ClCompile Include="src\core\gfx\mesh_api\Mesh.cpp">
      <Filter>Source Files</Filter>
    </ClCompile>
    <ClCompile Include="src\core\gfx\entity_api\Entity.cpp">
      <Filter>Source Files</Filter>
    </ClCompile>
    <ClCompile Include="src\core\gfx\entity_api\primitives\Cube.cpp">
      <Filter>Source Files</Filter>
    </ClCompile>
  </ItemGroup>
  <ItemGroup>
    <ClInclude Include="src\utils\logging\ConsoleLogger.h">
      <Filter>Header Files\Utils\logger</Filter>
    </ClInclude>
    <ClInclude Include="src\utils\error_handlers\OpenGLErrorHandler.h">
      <Filter>Header Files</Filter>
    </ClInclude>
    <ClInclude Include="src\opengl\gfx\renderer_api\OpenGLContext.h">
      <Filter>Header Files</Filter>
    </ClInclude>
    <ClInclude Include="src\core\gfx\renderer_api\RenderContext.h">
      <Filter>Header Files</Filter>
    </ClInclude>
    <ClInclude Include="src\core\events\EventHandler.h">
      <Filter>Header Files</Filter>
    </ClInclude>
    <ClInclude Include="src\core\window\MainWindow.h">
      <Filter>Header Files</Filter>
    </ClInclude>
    <ClInclude Include="src\opengl\window\OpenGLWindow.h">
      <Filter>Header Files</Filter>
    </ClInclude>
    <ClInclude Include="src\core\user_interface\Layer.h">
      <Filter>Header Files</Filter>
    </ClInclude>
    <ClInclude Include="src\core\user_interface\LayerStack.h">
      <Filter>Header Files</Filter>
    </ClInclude>
    <ClInclude Include="src\core\gfx\mesh_api\Buffer.h">
      <Filter>Header Files</Filter>
    </ClInclude>
    <ClInclude Include="src\opengl\gfx\mesh_api\OpenGLBuffer.h">
      <Filter>Header Files</Filter>
    </ClInclude>
    <ClInclude Include="src\core\gfx\shaders_api\ShaderPipeline.h">
      <Filter>Header Files</Filter>
    </ClInclude>
    <ClInclude Include="src\core\gfx\shaders_api\Shader.h">
      <Filter>Header Files</Filter>
    </ClInclude>
    <ClInclude Include="src\opengl\gfx\shaders_api\OpenGLVertexShader.h">
      <Filter>Header Files</Filter>
    </ClInclude>
    <ClInclude Include="src\opengl\gfx\shaders_api\OpenGLFragmentShader.h">
      <Filter>Header Files</Filter>
    </ClInclude>
    <ClInclude Include="src\opengl\gfx\shaders_api\OpenGLGeometryShader.h">
      <Filter>Header Files</Filter>
    </ClInclude>
    <ClInclude Include="src\opengl\gfx\shaders_api\OpenGLShaderPipeline.h">
      <Filter>Header Files</Filter>
    </ClInclude>
    <ClInclude Include="src\opengl\input\OpenGLKeyboardMapper.h">
      <Filter>Header Files</Filter>
    </ClInclude>
    <ClInclude Include="src\opengl\input\OpenGLMouseCodeMapper.h">
      <Filter>Header Files</Filter>
    </ClInclude>
    <ClInclude Include="src\core\gfx\mesh_api\VertexArray.h">
      <Filter>Header Files</Filter>
    </ClInclude>
    <ClInclude Include="src\opengl\gfx\mesh_api\OpenGLVertexArray.h">
      <Filter>Header Files</Filter>
    </ClInclude>
    <ClInclude Include="src\core\gfx\scene_api\Scene.h">
      <Filter>Header Files</Filter>
    </ClInclude>
    <ClInclude Include="src\core\gfx\camera_api\Camera.h">
      <Filter>Header Files</Filter>
    </ClInclude>
    <ClInclude Include="src\core\gfx\entity_api\Entity.h">
      <Filter>Header Files</Filter>
    </ClInclude>
    <ClInclude Include="src\core\gfx\renderer_api\Renderer.h">
      <Filter>Header Files</Filter>
    </ClInclude>
    <ClInclude Include="src\opengl\gfx\renderer_api\OpenGLRenderer.h">
      <Filter>Header Files</Filter>
    </ClInclude>
    <ClInclude Include="src\core\math\Math.h">
      <Filter>Header Files</Filter>
    </ClInclude>
    <ClInclude Include="src\core\gfx\shaders_api\Uniform.h">
      <Filter>Header Files</Filter>
    </ClInclude>
    <ClInclude Include="src\opengl\gfx\renderer_api\render_commands\OpenGLDrawIndexed.h">
      <Filter>Header Files</Filter>
    </ClInclude>
    <ClInclude Include="src\core\gfx\mesh_api\Mesh.h">
      <Filter>Header Files</Filter>
    </ClInclude>
    <ClInclude Include="src\core\gfx\entity_api\primitives\Cube.h">
      <Filter>Header Files</Filter>
    </ClInclude>
  </ItemGroup>
</Project>